<?xml version="1.0" encoding="utf-8"?>
<Project ToolsVersion="4.0" xmlns="http://schemas.microsoft.com/developer/msbuild/2003">
  <ItemGroup>
    <Filter Include="shield">
      <UniqueIdentifier>{93995380-89BD-4b04-88EB-625FBE52EBFB}</UniqueIdentifier>
      <Extensions>h;hpp;hxx;hm;inl;inc;xsd</Extensions>
    </Filter>
    <Filter Include="shield.game">
      <UniqueIdentifier>{e00bc316-c459-4aa7-af43-86f1dbe2b394}</UniqueIdentifier>
    </Filter>
    <Filter Include="shield.game\elements">
      <UniqueIdentifier>{14875bb8-b36a-4db7-b6f2-35a8c9dd5ab0}</UniqueIdentifier>
    </Filter>
    <Filter Include="shield.game\weapons">
      <UniqueIdentifier>{f060c3ba-f498-472c-9577-1f1d94264268}</UniqueIdentifier>
    </Filter>
    <Filter Include="shield.game\actions">
      <UniqueIdentifier>{6a8b5bad-298a-4f3f-936c-06533ee701ad}</UniqueIdentifier>
    </Filter>
    <Filter Include="shield.patterns">
      <UniqueIdentifier>{e394724a-2831-4282-b7a4-9f5e6e516233}</UniqueIdentifier>
    </Filter>
    <Filter Include="shield.services">
      <UniqueIdentifier>{3a8f4f79-cddf-429f-a21e-9f1e0dd36916}</UniqueIdentifier>
    </Filter>
    <Filter Include="shield.services\controls">
      <UniqueIdentifier>{d3a25096-de55-4ece-bac1-1e6c5b932110}</UniqueIdentifier>
    </Filter>
    <Filter Include="shield.services\graphics">
      <UniqueIdentifier>{3dde8fc0-924e-4470-8ee4-6b5b95e201eb}</UniqueIdentifier>
    </Filter>
    <Filter Include="shield.services\sound">
      <UniqueIdentifier>{a53d36b8-0db8-4a69-a450-1de0145b6a41}</UniqueIdentifier>
    </Filter>
    <Filter Include="shield.services\meshloader">
      <UniqueIdentifier>{10ae251c-d597-4e2a-a1ac-a2d6bf81e4ab}</UniqueIdentifier>
    </Filter>
    <Filter Include="shield.structs">
      <UniqueIdentifier>{0023588d-3df3-4540-98fd-3d124c62978d}</UniqueIdentifier>
    </Filter>
    <Filter Include="libs">
      <UniqueIdentifier>{f584f4f7-ce38-43d5-aaac-cfe1f5fd76a0}</UniqueIdentifier>
    </Filter>
    <Filter Include="shield.savegame">
      <UniqueIdentifier>{9516b429-f100-4238-aaeb-0d28afba786f}</UniqueIdentifier>
    </Filter>
    <Filter Include="shield.services\events">
      <UniqueIdentifier>{19909ea1-cd94-460c-ad44-15e677a546d1}</UniqueIdentifier>
    </Filter>
    <Filter Include="shaders">
      <UniqueIdentifier>{67DA6AB6-F800-4c08-8B7A-83BB121AAD01}</UniqueIdentifier>
      <Extensions>rc;ico;cur;bmp;dlg;rc2;rct;bin;rgs;gif;jpg;jpeg;jpe;resx;tiff;tif;png;wav;mfcribbon-ms</Extensions>
    </Filter>
    <Filter Include="shaders\pixel">
      <UniqueIdentifier>{d4b620f2-bb9b-4e20-9752-9e217054e589}</UniqueIdentifier>
    </Filter>
    <Filter Include="shaders\geometry">
      <UniqueIdentifier>{1d20232c-98e3-4983-977c-aa49a86f7bb6}</UniqueIdentifier>
    </Filter>
    <Filter Include="shaders\vertex">
      <UniqueIdentifier>{9c9b3427-40fe-4885-8530-1ca8156f2f35}</UniqueIdentifier>
    </Filter>
  </ItemGroup>
  <ItemGroup>
    <ClCompile Include="structs\Point.cpp">
      <Filter>shield.structs</Filter>
    </ClCompile>
    <ClCompile Include="game\actions\MoveDown.cpp">
      <Filter>shield.game\actions</Filter>
    </ClCompile>
    <ClCompile Include="game\actions\MoveLeft.cpp">
      <Filter>shield.game\actions</Filter>
    </ClCompile>
    <ClCompile Include="game\actions\MoveRight.cpp">
      <Filter>shield.game\actions</Filter>
    </ClCompile>
    <ClCompile Include="game\actions\MoveUp.cpp">
      <Filter>shield.game\actions</Filter>
    </ClCompile>
    <ClCompile Include="game\actions\DashLeft.cpp">
      <Filter>shield.game\actions</Filter>
    </ClCompile>
    <ClCompile Include="game\actions\DashRight.cpp">
      <Filter>shield.game\actions</Filter>
    </ClCompile>
    <ClCompile Include="game\actions\Burst.cpp">
      <Filter>shield.game\actions</Filter>
    </ClCompile>
    <ClCompile Include="game\actions\Charge.cpp">
      <Filter>shield.game\actions</Filter>
    </ClCompile>
    <ClCompile Include="game\actions\Shield.cpp">
      <Filter>shield.game\actions</Filter>
    </ClCompile>
    <ClCompile Include="game\actions\Shoot.cpp">
      <Filter>shield.game\actions</Filter>
    </ClCompile>
    <ClCompile Include="game\actions\Slash.cpp">
      <Filter>shield.game\actions</Filter>
    </ClCompile>
    <ClCompile Include="structs\Vector3.cpp">
      <Filter>shield.structs</Filter>
    </ClCompile>
    <ClCompile Include="game\actions\ActionFactory.cpp">
      <Filter>shield.game\actions</Filter>
    </ClCompile>
    <ClCompile Include="game\elements\BulletFactory.cpp">
      <Filter>shield.game\elements</Filter>
    </ClCompile>
    <ClCompile Include="game\elements\Element.cpp">
      <Filter>shield.game\elements</Filter>
    </ClCompile>
    <ClCompile Include="game\elements\Hope.cpp">
      <Filter>shield.game\elements</Filter>
    </ClCompile>
    <ClCompile Include="game\elements\LaserBeamBullet.cpp">
      <Filter>shield.game\elements</Filter>
    </ClCompile>
    <ClCompile Include="game\elements\Ship.cpp">
      <Filter>shield.game\elements</Filter>
    </ClCompile>
    <ClCompile Include="game\weapons\Weapon.cpp">
      <Filter>shield.game\weapons</Filter>
    </ClCompile>
    <ClCompile Include="Engine.cpp">
      <Filter>shield</Filter>
    </ClCompile>
    <ClCompile Include="Game.cpp">
      <Filter>shield</Filter>
    </ClCompile>
    <ClCompile Include="main.cpp">
      <Filter>shield</Filter>
    </ClCompile>
    <ClCompile Include="Service.cpp">
      <Filter>shield</Filter>
    </ClCompile>
    <ClCompile Include="services\controls\KeyboardControls.cpp">
      <Filter>shield.services\controls</Filter>
    </ClCompile>
    <ClCompile Include="services\controls\NullControls.cpp">
      <Filter>shield.services\controls</Filter>
    </ClCompile>
    <ClCompile Include="services\graphics\Direct3D11Graphics.cpp">
      <Filter>shield.services\graphics</Filter>
    </ClCompile>
    <ClCompile Include="services\graphics\NullGraphics.cpp">
      <Filter>shield.services\graphics</Filter>
    </ClCompile>
    <ClCompile Include="services\meshloader\FbxMesh.cpp">
      <Filter>shield.services\meshloader</Filter>
    </ClCompile>
    <ClCompile Include="services\sound\NullSound.cpp">
      <Filter>shield.services\sound</Filter>
    </ClCompile>
    <ClCompile Include="services\meshloader\FbxMeshLoader.cpp">
      <Filter>shield.services\meshloader</Filter>
    </ClCompile>
    <ClCompile Include="libs\DDSTextureLoader.cpp">
      <Filter>libs</Filter>
    </ClCompile>
    <ClCompile Include="libs\pch.cpp">
      <Filter>libs</Filter>
    </ClCompile>
    <ClCompile Include="structs\GameCallable.cpp">
      <Filter>shield.structs</Filter>
    </ClCompile>
    <ClCompile Include="savegame\ElementBlock.cpp">
      <Filter>shield.savegame</Filter>
    </ClCompile>
    <ClCompile Include="game\elements\ElementFactory.cpp">
      <Filter>shield.game\elements</Filter>
    </ClCompile>
    <ClCompile Include="savegame\HopeBlock.cpp">
      <Filter>shield.savegame</Filter>
    </ClCompile>
    <ClCompile Include="game\elements\Angel.cpp">
      <Filter>shield.game\elements</Filter>
    </ClCompile>
    <ClCompile Include="game\elements\Archangel.cpp">
      <Filter>shield.game\elements</Filter>
    </ClCompile>
    <ClCompile Include="game\elements\Authority.cpp">
      <Filter>shield.game\elements</Filter>
    </ClCompile>
    <ClCompile Include="game\elements\Cherub.cpp">
      <Filter>shield.game\elements</Filter>
    </ClCompile>
    <ClCompile Include="game\elements\Dominion.cpp">
      <Filter>shield.game\elements</Filter>
    </ClCompile>
    <ClCompile Include="game\elements\Ruler.cpp">
      <Filter>shield.game\elements</Filter>
    </ClCompile>
    <ClCompile Include="game\elements\Seraph.cpp">
      <Filter>shield.game\elements</Filter>
    </ClCompile>
    <ClCompile Include="game\elements\Throne.cpp">
      <Filter>shield.game\elements</Filter>
    </ClCompile>
    <ClCompile Include="game\elements\Virtue.cpp">
      <Filter>shield.game\elements</Filter>
    </ClCompile>
    <ClCompile Include="game\actions\StopLeft.cpp">
      <Filter>shield.game\actions</Filter>
    </ClCompile>
    <ClCompile Include="game\actions\StopDown.cpp">
      <Filter>shield.game\actions</Filter>
    </ClCompile>
    <ClCompile Include="game\actions\StopRight.cpp">
      <Filter>shield.game\actions</Filter>
    </ClCompile>
    <ClCompile Include="game\actions\StopUp.cpp">
      <Filter>shield.game\actions</Filter>
    </ClCompile>
  </ItemGroup>
  <ItemGroup>
    <ClInclude Include="Service.h">
      <Filter>shield</Filter>
    </ClInclude>
    <ClInclude Include="Engine.h">
      <Filter>shield</Filter>
    </ClInclude>
    <ClInclude Include="structs\Point.h">
      <Filter>shield.structs</Filter>
    </ClInclude>
    <ClInclude Include="patterns\Cloneable.h">
      <Filter>shield.patterns</Filter>
    </ClInclude>
    <ClInclude Include="Game.h">
      <Filter>shield</Filter>
    </ClInclude>
    <ClInclude Include="Settings.h">
      <Filter>shield</Filter>
    </ClInclude>
    <ClInclude Include="game\actions\MoveDown.h">
      <Filter>shield.game\actions</Filter>
    </ClInclude>
    <ClInclude Include="game\actions\MoveLeft.h">
      <Filter>shield.game\actions</Filter>
    </ClInclude>
    <ClInclude Include="game\actions\MoveRight.h">
      <Filter>shield.game\actions</Filter>
    </ClInclude>
    <ClInclude Include="game\actions\MoveUp.h">
      <Filter>shield.game\actions</Filter>
    </ClInclude>
    <ClInclude Include="game\actions\Shoot.h">
      <Filter>shield.game\actions</Filter>
    </ClInclude>
    <ClInclude Include="game\actions\Burst.h">
      <Filter>shield.game\actions</Filter>
    </ClInclude>
    <ClInclude Include="game\actions\Charge.h">
      <Filter>shield.game\actions</Filter>
    </ClInclude>
    <ClInclude Include="game\actions\DashLeft.h">
      <Filter>shield.game\actions</Filter>
    </ClInclude>
    <ClInclude Include="game\actions\DashRight.h">
      <Filter>shield.game\actions</Filter>
    </ClInclude>
    <ClInclude Include="game\actions\Shield.h">
      <Filter>shield.game\actions</Filter>
    </ClInclude>
    <ClInclude Include="game\actions\Slash.h">
      <Filter>shield.game\actions</Filter>
    </ClInclude>
    <ClInclude Include="structs\Vector3.h">
      <Filter>shield.structs</Filter>
    </ClInclude>
    <ClInclude Include="game\actions\ActionFactory.h">
      <Filter>shield.game\actions</Filter>
    </ClInclude>
    <ClInclude Include="game\elements\Element.h">
      <Filter>shield.game\elements</Filter>
    </ClInclude>
    <ClInclude Include="game\elements\Hope.h">
      <Filter>shield.game\elements</Filter>
    </ClInclude>
    <ClInclude Include="game\elements\LaserBeamBullet.h">
      <Filter>shield.game\elements</Filter>
    </ClInclude>
    <ClInclude Include="game\elements\Ship.h">
      <Filter>shield.game\elements</Filter>
    </ClInclude>
    <ClInclude Include="game\weapons\Weapon.h">
      <Filter>shield.game\weapons</Filter>
    </ClInclude>
    <ClInclude Include="game\elements\BulletFactory.h">
      <Filter>shield.game\elements</Filter>
    </ClInclude>
    <ClInclude Include="structs\Vertex.h">
      <Filter>shield.structs</Filter>
    </ClInclude>
    <ClInclude Include="services\controls\Action.h">
      <Filter>shield.services\controls</Filter>
    </ClInclude>
    <ClInclude Include="services\controls\IControls.h">
      <Filter>shield.services\controls</Filter>
    </ClInclude>
    <ClInclude Include="services\controls\KeyboardControls.h">
      <Filter>shield.services\controls</Filter>
    </ClInclude>
    <ClInclude Include="services\controls\NullControls.h">
      <Filter>shield.services\controls</Filter>
    </ClInclude>
    <ClInclude Include="services\graphics\Direct3D11Graphics.h">
      <Filter>shield.services\graphics</Filter>
    </ClInclude>
    <ClInclude Include="services\graphics\IGraphics.h">
      <Filter>shield.services\graphics</Filter>
    </ClInclude>
    <ClInclude Include="services\graphics\NullGraphics.h">
      <Filter>shield.services\graphics</Filter>
    </ClInclude>
    <ClInclude Include="services\meshloader\FbxMesh.h">
      <Filter>shield.services\meshloader</Filter>
    </ClInclude>
    <ClInclude Include="services\meshloader\FbxMeshLoader.h">
      <Filter>shield.services\meshloader</Filter>
    </ClInclude>
    <ClInclude Include="services\meshloader\IMeshLoader.h">
      <Filter>shield.services\meshloader</Filter>
    </ClInclude>
    <ClInclude Include="services\meshloader\Mesh.h">
      <Filter>shield.services\meshloader</Filter>
    </ClInclude>
    <ClInclude Include="services\sound\ISound.h">
      <Filter>shield.services\sound</Filter>
    </ClInclude>
    <ClInclude Include="services\sound\NullSound.h">
      <Filter>shield.services\sound</Filter>
    </ClInclude>
    <ClInclude Include="services\graphics\WVPMatrix.h">
      <Filter>shield.services\graphics</Filter>
    </ClInclude>
    <ClInclude Include="libs\DDSTextureLoader.h">
      <Filter>libs</Filter>
    </ClInclude>
    <ClInclude Include="libs\dds.h">
      <Filter>libs</Filter>
    </ClInclude>
    <ClInclude Include="libs\pch.h">
      <Filter>libs</Filter>
    </ClInclude>
    <ClInclude Include="libs\PlatformHelpers.h">
      <Filter>libs</Filter>
    </ClInclude>
    <ClInclude Include="structs\Callable.h">
      <Filter>shield.structs</Filter>
    </ClInclude>
    <ClInclude Include="structs\GameCallable.h">
      <Filter>shield.structs</Filter>
    </ClInclude>
    <ClInclude Include="savegame\ElementBlock.h">
      <Filter>shield.savegame</Filter>
    </ClInclude>
    <ClInclude Include="game\elements\ElementFactory.h">
      <Filter>shield.game\elements</Filter>
    </ClInclude>
    <ClInclude Include="savegame\HopeBlock.h">
      <Filter>shield.savegame</Filter>
    </ClInclude>
    <ClInclude Include="game\elements\Angel.h">
      <Filter>shield.game\elements</Filter>
    </ClInclude>
    <ClInclude Include="game\elements\Archangel.h">
      <Filter>shield.game\elements</Filter>
    </ClInclude>
    <ClInclude Include="game\elements\Authority.h">
      <Filter>shield.game\elements</Filter>
    </ClInclude>
    <ClInclude Include="game\elements\Cherub.h">
      <Filter>shield.game\elements</Filter>
    </ClInclude>
    <ClInclude Include="game\elements\Dominion.h">
      <Filter>shield.game\elements</Filter>
    </ClInclude>
    <ClInclude Include="game\elements\Ruler.h">
      <Filter>shield.game\elements</Filter>
    </ClInclude>
    <ClInclude Include="game\elements\Seraph.h">
      <Filter>shield.game\elements</Filter>
    </ClInclude>
    <ClInclude Include="game\elements\Throne.h">
      <Filter>shield.game\elements</Filter>
    </ClInclude>
    <ClInclude Include="game\elements\Virtue.h">
      <Filter>shield.game\elements</Filter>
    </ClInclude>
    <ClInclude Include="patterns\Observable.h">
      <Filter>shield.patterns</Filter>
    </ClInclude>
    <ClInclude Include="patterns\Observer.h">
      <Filter>shield.patterns</Filter>
    </ClInclude>
    <ClInclude Include="services\events\EventsManager.h">
      <Filter>shield.services\events</Filter>
    </ClInclude>
    <ClInclude Include="services\events\GameAction.h">
      <Filter>shield.services\events</Filter>
    </ClInclude>
    <ClInclude Include="services\controls\ControlsState.h">
      <Filter>shield.services\controls</Filter>
    </ClInclude>
    <ClInclude Include="services\events\EventsState.h">
      <Filter>shield.services\events</Filter>
    </ClInclude>
    <ClInclude Include="services\events\HopeAction.h">
      <Filter>shield.services\events</Filter>
    </ClInclude>
    <ClInclude Include="services\events\EnemyAction.h">
      <Filter>shield.services\events</Filter>
    </ClInclude>
    <ClInclude Include="services\events\BulletAction.h">
      <Filter>shield.services\events</Filter>
    </ClInclude>
    <ClInclude Include="structs\NotifyCallable.h">
      <Filter>shield.structs</Filter>
    </ClInclude>
    <ClInclude Include="game\actions\StopLeft.h">
      <Filter>shield.game\actions</Filter>
    </ClInclude>
    <ClInclude Include="game\actions\StopDown.h">
      <Filter>shield.game\actions</Filter>
    </ClInclude>
    <ClInclude Include="game\actions\StopRight.h">
      <Filter>shield.game\actions</Filter>
    </ClInclude>
    <ClInclude Include="game\actions\StopUp.h">
      <Filter>shield.game\actions</Filter>
    </ClInclude>
  </ItemGroup>
  <ItemGroup>
    <FxCompile Include="resources\shaders\pixel\testps.hlsl">
      <Filter>shaders\pixel</Filter>
    </FxCompile>
    <FxCompile Include="resources\shaders\geometry\testgs.hlsl">
      <Filter>shaders\geometry</Filter>
    </FxCompile>
    <FxCompile Include="resources\shaders\vertex\testvs.hlsl">
      <Filter>shaders\vertex</Filter>
    </FxCompile>
    <FxCompile Include="resources\shaders\vertex\direct.hlsl">
      <Filter>shaders\vertex</Filter>
    </FxCompile>
    <FxCompile Include="resources\shaders\pixel\direct.hlsl">
      <Filter>shaders\pixel</Filter>
    </FxCompile>
  </ItemGroup>
</Project>