<?xml version="1.0" encoding="utf-8"?>
<Project ToolsVersion="4.0" xmlns="http://schemas.microsoft.com/developer/msbuild/2003">
  <ItemGroup>
    <Filter Include="Fichiers sources">
      <UniqueIdentifier>{4FC737F1-C7A5-4376-A066-2A32D752A2FF}</UniqueIdentifier>
      <Extensions>cpp;c;cc;cxx;def;odl;idl;hpj;bat;asm;asmx</Extensions>
    </Filter>
    <Filter Include="Fichiers d%27en-tête">
      <UniqueIdentifier>{93995380-89BD-4b04-88EB-625FBE52EBFB}</UniqueIdentifier>
      <Extensions>h;hpp;hxx;hm;inl;inc;xsd</Extensions>
    </Filter>
    <Filter Include="Fichiers de ressources">
      <UniqueIdentifier>{67DA6AB6-F800-4c08-8B7A-83BB121AAD01}</UniqueIdentifier>
      <Extensions>rc;ico;cur;bmp;dlg;rc2;rct;bin;rgs;gif;jpg;jpeg;jpe;resx;tiff;tif;png;wav;mfcribbon-ms</Extensions>
    </Filter>
    <Filter Include="game">
      <UniqueIdentifier>{e00bc316-c459-4aa7-af43-86f1dbe2b394}</UniqueIdentifier>
    </Filter>
    <Filter Include="structs">
      <UniqueIdentifier>{0023588d-3df3-4540-98fd-3d124c62978d}</UniqueIdentifier>
    </Filter>
    <Filter Include="patterns">
      <UniqueIdentifier>{e394724a-2831-4282-b7a4-9f5e6e516233}</UniqueIdentifier>
    </Filter>
    <Filter Include="game\elements">
      <UniqueIdentifier>{14875bb8-b36a-4db7-b6f2-35a8c9dd5ab0}</UniqueIdentifier>
    </Filter>
    <Filter Include="game\weapons">
      <UniqueIdentifier>{f060c3ba-f498-472c-9577-1f1d94264268}</UniqueIdentifier>
    </Filter>
    <Filter Include="Fichiers d%27en-tête\services">
      <UniqueIdentifier>{3a8f4f79-cddf-429f-a21e-9f1e0dd36916}</UniqueIdentifier>
    </Filter>
    <Filter Include="Fichiers d%27en-tête\services\controls">
      <UniqueIdentifier>{d3a25096-de55-4ece-bac1-1e6c5b932110}</UniqueIdentifier>
    </Filter>
    <Filter Include="Fichiers d%27en-tête\services\graphics">
      <UniqueIdentifier>{3dde8fc0-924e-4470-8ee4-6b5b95e201eb}</UniqueIdentifier>
    </Filter>
    <Filter Include="Fichiers d%27en-tête\services\sound">
      <UniqueIdentifier>{a53d36b8-0db8-4a69-a450-1de0145b6a41}</UniqueIdentifier>
    </Filter>
    <Filter Include="Fichiers sources\services">
      <UniqueIdentifier>{c1117ca5-f3fc-4d25-a3d8-f8c152c7f884}</UniqueIdentifier>
    </Filter>
    <Filter Include="Fichiers sources\services\controls">
      <UniqueIdentifier>{a05726a1-12f7-464e-b0cb-6f317fd43c4d}</UniqueIdentifier>
    </Filter>
    <Filter Include="Fichiers sources\services\graphics">
      <UniqueIdentifier>{1ea2d0ea-35e0-471f-8286-a848a46ebb5f}</UniqueIdentifier>
    </Filter>
    <Filter Include="Fichiers sources\services\sound">
      <UniqueIdentifier>{c070f968-7c91-4138-91a9-625914191836}</UniqueIdentifier>
    </Filter>
  </ItemGroup>
  <ItemGroup>
    <ClCompile Include="main.cpp">
      <Filter>Fichiers sources</Filter>
    </ClCompile>
    <ClCompile Include="Engine.cpp">
      <Filter>Fichiers sources</Filter>
    </ClCompile>
    <ClCompile Include="Service.cpp">
      <Filter>Fichiers sources</Filter>
    </ClCompile>
    <ClCompile Include="structs\Point.cpp">
      <Filter>structs</Filter>
    </ClCompile>
    <ClCompile Include="game\Weapon.cpp">
      <Filter>game\weapons</Filter>
    </ClCompile>
    <ClCompile Include="game\Element.cpp">
      <Filter>game\elements</Filter>
    </ClCompile>
    <ClCompile Include="game\Ship.cpp">
      <Filter>game\elements</Filter>
    </ClCompile>
    <ClCompile Include="game\LaserBeamBullet.cpp">
      <Filter>game\elements</Filter>
    </ClCompile>
    <ClCompile Include="game\LaserBeam.cpp">
      <Filter>game\weapons</Filter>
    </ClCompile>
    <ClCompile Include="Game.cpp">
      <Filter>Fichiers sources</Filter>
    </ClCompile>
    <ClCompile Include="game\Hope.cpp">
      <Filter>game\elements</Filter>
    </ClCompile>
    <ClCompile Include="services\NullControls.cpp">
      <Filter>Fichiers sources\services\controls</Filter>
    </ClCompile>
    <ClCompile Include="services\NullGraphics.cpp">
      <Filter>Fichiers sources\services\graphics</Filter>
    </ClCompile>
    <ClCompile Include="services\NullSound.cpp">
      <Filter>Fichiers sources\services\sound</Filter>
    </ClCompile>
    <ClCompile Include="services\KeyboardControls.cpp">
      <Filter>Fichiers sources\services\controls</Filter>
    </ClCompile>
  </ItemGroup>
  <ItemGroup>
    <ClInclude Include="Service.h">
      <Filter>Fichiers d%27en-tête</Filter>
    </ClInclude>
    <ClInclude Include="Engine.h">
      <Filter>Fichiers d%27en-tête</Filter>
    </ClInclude>
    <ClInclude Include="structs\Point.h">
      <Filter>structs</Filter>
    </ClInclude>
    <ClInclude Include="patterns\Cloneable.h">
      <Filter>patterns</Filter>
    </ClInclude>
    <ClInclude Include="game\Weapon.h">
      <Filter>game\weapons</Filter>
    </ClInclude>
    <ClInclude Include="game\LaserBeam.h">
      <Filter>game\weapons</Filter>
    </ClInclude>
    <ClInclude Include="game\Element.h">
      <Filter>game\elements</Filter>
    </ClInclude>
    <ClInclude Include="game\Ship.h">
      <Filter>game\elements</Filter>
    </ClInclude>
    <ClInclude Include="game\LaserBeamBullet.h">
      <Filter>game\elements</Filter>
    </ClInclude>
    <ClInclude Include="Game.h">
      <Filter>Fichiers d%27en-tête</Filter>
    </ClInclude>
    <ClInclude Include="game\Hope.h">
      <Filter>game\elements</Filter>
    </ClInclude>
    <ClInclude Include="Settings.h">
      <Filter>Fichiers d%27en-tête</Filter>
    </ClInclude>
    <ClInclude Include="services\IControls.h">
      <Filter>Fichiers d%27en-tête\services\controls</Filter>
    </ClInclude>
    <ClInclude Include="services\NullControls.h">
      <Filter>Fichiers d%27en-tête\services\controls</Filter>
    </ClInclude>
    <ClInclude Include="services\IGraphics.h">
      <Filter>Fichiers d%27en-tête\services\graphics</Filter>
    </ClInclude>
    <ClInclude Include="services\NullGraphics.h">
      <Filter>Fichiers d%27en-tête\services\graphics</Filter>
    </ClInclude>
    <ClInclude Include="services\ISound.h">
      <Filter>Fichiers d%27en-tête\services\sound</Filter>
    </ClInclude>
    <ClInclude Include="services\NullSound.h">
      <Filter>Fichiers d%27en-tête\services\sound</Filter>
    </ClInclude>
    <ClInclude Include="services\KeyboardControls.h">
      <Filter>Fichiers d%27en-tête\services\controls</Filter>
    </ClInclude>
  </ItemGroup>
  <ItemGroup>
    <None Include="ClassDiagram.cd" />
  </ItemGroup>
</Project>